schema: '2.0'
stages:
  train:
    cmd: ploomber-engine mh.ipynb mh_output.ipynb
    deps:
    - path: maternal-health-and-high-risk-pregnancy-dataset.zip
      hash: md5
      md5: 8441adea9a38f93f22173db08efef6df
      size: 86899
      isexec: true
    - path: mh.ipynb
      hash: md5
      md5: 0ceff2746f6a1d1de2e212eb051fb971
      size: 281183
    outs:
    - path: mh_output.ipynb
      hash: md5
      md5: 10525cb95830904d93d486075650d5aa
      size: 279009
    - path: model1.pkl
      hash: md5
      md5: b6dcdd57958e057002a9b3b7f478d25b
      size: 474025
    - path: test1.csv
      hash: md5
      md5: 6aeef0bf448002a3bb5a504d46ad2126
      size: 5162
  test:
    cmd: ploomber-engine evaluate.ipynb evaluate_output.ipynb
    deps:
    - path: evaluate.ipynb
      hash: md5
      md5: aeb6e0ff47f8729365be2626269adbf9
      size: 22048
      isexec: true
    - path: model1.pkl
      hash: md5
      md5: b6dcdd57958e057002a9b3b7f478d25b
      size: 474025
    - path: test1.csv
      hash: md5
      md5: 6aeef0bf448002a3bb5a504d46ad2126
      size: 5162
    outs:
    - path: cm_dataset1.png
      hash: md5
      md5: ce6d853c1606548199865b7a096c0c47
      size: 20765
    - path: evaluate_output.ipynb
      hash: md5
      md5: f52af8d41f258b18a32a2825f472c9c0
      size: 21206
    - path: metrics.json
      hash: md5
      md5: 2e955c1514c7e17bf31149fe41d37d87
      size: 55
