schema: '2.0'
stages:
  train:
    cmd: ploomber-engine mh.ipynb mh_output.ipynb
    deps:
    - path: maternal-health-and-high-risk-pregnancy-dataset.zip
      hash: md5
      md5: 8441adea9a38f93f22173db08efef6df
      size: 86899
      isexec: true
    - path: mh.ipynb
      hash: md5
      md5: f21ad80cad7b137bfa7d40b8c790bcd0
      size: 277692
    outs:
    - path: mh_output.ipynb
      hash: md5
      md5: d026cdbfcaea2ffdf85730bedd9736a7
      size: 277579
    - path: model1.pkl
      hash: md5
      md5: b468eccdd3d22031386bf3390bf65c41
      size: 40058
    - path: test1.csv
      hash: md5
      md5: 6aeef0bf448002a3bb5a504d46ad2126
      size: 5162
  test:
    cmd: ploomber-engine evaluate.ipynb evaluate_output.ipynb
    deps:
    - path: evaluate.ipynb
      hash: md5
      md5: aeb6e0ff47f8729365be2626269adbf9
      size: 22048
      isexec: true
    - path: model1.pkl
      hash: md5
      md5: b468eccdd3d22031386bf3390bf65c41
      size: 40058
    - path: test1.csv
      hash: md5
      md5: 6aeef0bf448002a3bb5a504d46ad2126
      size: 5162
    outs:
    - path: cm_dataset1.png
      hash: md5
      md5: cbba1b627d5a30968243f95ff4147185
      size: 25587
    - path: evaluate_output.ipynb
      hash: md5
      md5: df00dc2e51b398fa2057200fe62f5753
      size: 25020
    - path: metrics.json
      hash: md5
      md5: 4bc9afce1477ea8ae75068ca0909fb7c
      size: 55
