schema: '2.0'
stages:
  train:
    cmd: ploomber-engine mh.ipynb mh_output.ipynb
    deps:
    - path: maternal-health-and-high-risk-pregnancy-dataset.zip
      hash: md5
      md5: 8441adea9a38f93f22173db08efef6df
      size: 86899
      isexec: true
    - path: maternal-health-risk-with-augmented-features.zip
      hash: md5
      md5: 13f7d335d704dbd250337e8178683bc9
      size: 20180
      isexec: true
    - path: mh.ipynb
      hash: md5
      md5: ca540f4481ac88ffe7955cad60b347a9
      size: 499623
      isexec: true
    outs:
    - path: mh_output.ipynb
      hash: md5
      md5: 25a0d52e27b0aa5a3d9e96962c53a0f9
      size: 500581
    - path: model1.pkl
      hash: md5
      md5: b4af0bfe89b23996ebf167204fdb1223
      size: 39018
    - path: model2.pkl
      hash: md5
      md5: bf9fab8efafd5f5d18d85e0f10466afc
      size: 260115
    - path: test1.csv
      hash: md5
      md5: 4fdcd11980a2e8cd5106a4149de6d57c
      size: 5024
    - path: test2.csv
      hash: md5
      md5: 073b54455319bcf0acc64a80b7ef97b9
      size: 12788
  test:
    cmd: ploomber-engine evaluate.ipynb evaluate_output.ipynb
    deps:
    - path: evaluate.ipynb
      hash: md5
      md5: 82d16fb84cf6fc3be828899340ff162c
      size: 47364
      isexec: true
    - path: model1.pkl
      hash: md5
      md5: b4af0bfe89b23996ebf167204fdb1223
      size: 39018
    - path: model2.pkl
      hash: md5
      md5: bf9fab8efafd5f5d18d85e0f10466afc
      size: 260115
    - path: test1.csv
      hash: md5
      md5: 4fdcd11980a2e8cd5106a4149de6d57c
      size: 5024
    - path: test2.csv
      hash: md5
      md5: 073b54455319bcf0acc64a80b7ef97b9
      size: 12788
    outs:
    - path: cm_dataset1.png
      hash: md5
      md5: a382e776f8551bd3413e4b60ca150d13
      size: 22513
    - path: cm_dataset2.png
      hash: md5
      md5: c01d47f8e8be83b7201bff9d5fe76dc9
      size: 28013
    - path: evaluate_output.ipynb
      hash: md5
      md5: 56e3b2f05017656729653364726eadf9
      size: 48363
    - path: metrics.json
      hash: md5
      md5: 28cd06dd6f10d1f7c4b95e2117d30feb
      size: 108
